// !$*UTF8*$!
{
	archiveVersion = 1;
	classes = {
	};
	objectVersion = 52;
	objects = {

/* Begin PBXBuildFile section */
		7F101AEF271F359E00BAE787 /* FirebaseDatabase in Frameworks */ = {isa = PBXBuildFile; productRef = 7F101AEE271F359E00BAE787 /* FirebaseDatabase */; };
		7F101AF1271F359E00BAE787 /* FirebaseStorage in Frameworks */ = {isa = PBXBuildFile; productRef = 7F101AF0271F359E00BAE787 /* FirebaseStorage */; };
		7F101AF4271F384900BAE787 /* FirebaseStorageProject.swift in Sources */ = {isa = PBXBuildFile; fileRef = 7F101AF3271F384900BAE787 /* FirebaseStorageProject.swift */; };
		7F101AF6271F39ED00BAE787 /* FirebaseDatabaseProject.swift in Sources */ = {isa = PBXBuildFile; fileRef = 7F101AF5271F39ED00BAE787 /* FirebaseDatabaseProject.swift */; };
		7F101AF927200D9500BAE787 /* Constants.swift in Sources */ = {isa = PBXBuildFile; fileRef = 7F101AF827200D9500BAE787 /* Constants.swift */; };
		7F6B8002271861AE00D47DE2 /* AppDelegate.swift in Sources */ = {isa = PBXBuildFile; fileRef = 7F6B8001271861AE00D47DE2 /* AppDelegate.swift */; };
		7F6B8004271861AE00D47DE2 /* SceneDelegate.swift in Sources */ = {isa = PBXBuildFile; fileRef = 7F6B8003271861AE00D47DE2 /* SceneDelegate.swift */; };
		7F6B8006271861AE00D47DE2 /* ViewController.swift in Sources */ = {isa = PBXBuildFile; fileRef = 7F6B8005271861AE00D47DE2 /* ViewController.swift */; };
		7F6B8009271861AE00D47DE2 /* Main.storyboard in Resources */ = {isa = PBXBuildFile; fileRef = 7F6B8007271861AE00D47DE2 /* Main.storyboard */; };
		7F6B800B271861B100D47DE2 /* Assets.xcassets in Resources */ = {isa = PBXBuildFile; fileRef = 7F6B800A271861B100D47DE2 /* Assets.xcassets */; };
		7F6B800E271861B100D47DE2 /* LaunchScreen.storyboard in Resources */ = {isa = PBXBuildFile; fileRef = 7F6B800C271861B100D47DE2 /* LaunchScreen.storyboard */; };
		7F6B8028271873E300D47DE2 /* a_Oswald.ttf in Resources */ = {isa = PBXBuildFile; fileRef = 7F6B8027271873E300D47DE2 /* a_Oswald.ttf */; };
		7F6B802D2718A5F000D47DE2 /* Street.swift in Sources */ = {isa = PBXBuildFile; fileRef = 7F6B802C2718A5F000D47DE2 /* Street.swift */; };
		7F6B802F2718B25900D47DE2 /* TableViewCell.swift in Sources */ = {isa = PBXBuildFile; fileRef = 7F6B802E2718B25900D47DE2 /* TableViewCell.swift */; };
		7FBD56102754DEF1009F5AEA /* KeyboardExt.swift in Sources */ = {isa = PBXBuildFile; fileRef = 7FBD560F2754DEF1009F5AEA /* KeyboardExt.swift */; };
		7FBD56132754E330009F5AEA /* DelegatReturnTablesExt.swift in Sources */ = {isa = PBXBuildFile; fileRef = 7FBD56122754E32F009F5AEA /* DelegatReturnTablesExt.swift */; };
		7FBD56152755023D009F5AEA /* TableViewExt.swift in Sources */ = {isa = PBXBuildFile; fileRef = 7FBD56142755023D009F5AEA /* TableViewExt.swift */; };
		7FBD56172755029B009F5AEA /* ImagePickerExt.swift in Sources */ = {isa = PBXBuildFile; fileRef = 7FBD56162755029B009F5AEA /* ImagePickerExt.swift */; };
		7FBD561A27550554009F5AEA /* TextFieldDelegateExt.swift in Sources */ = {isa = PBXBuildFile; fileRef = 7FBD561927550554009F5AEA /* TextFieldDelegateExt.swift */; };
		7FBD561C275505A4009F5AEA /* CollectionViewDelegateFlowLayoutExt.swift in Sources */ = {isa = PBXBuildFile; fileRef = 7FBD561B275505A4009F5AEA /* CollectionViewDelegateFlowLayoutExt.swift */; };
		7FBD561E27550683009F5AEA /* CollectionViewExt.swift in Sources */ = {isa = PBXBuildFile; fileRef = 7FBD561D27550683009F5AEA /* CollectionViewExt.swift */; };
		7FDBCBE027299F7D0004DAE7 /* CollectionViewCell.swift in Sources */ = {isa = PBXBuildFile; fileRef = 7FDBCBDF27299F7D0004DAE7 /* CollectionViewCell.swift */; };
		7FDBCBE2272AD3810004DAE7 /* ImagesViewController.swift in Sources */ = {isa = PBXBuildFile; fileRef = 7FDBCBE1272AD3800004DAE7 /* ImagesViewController.swift */; };
		7FDBCBE4272AF4B80004DAE7 /* ConstantsImage.swift in Sources */ = {isa = PBXBuildFile; fileRef = 7FDBCBE3272AF4B80004DAE7 /* ConstantsImage.swift */; };
		7FEB71FA27A96BD300CD1ED8 /* GoogleService-Info.plist in Resources */ = {isa = PBXBuildFile; fileRef = 7FEB71F927A96BD300CD1ED8 /* GoogleService-Info.plist */; };
/* End PBXBuildFile section */

/* Begin PBXFileReference section */
		7F101AF3271F384900BAE787 /* FirebaseStorageProject.swift */ = {isa = PBXFileReference; lastKnownFileType = sourcecode.swift; path = FirebaseStorageProject.swift; sourceTree = "<group>"; };
		7F101AF5271F39ED00BAE787 /* FirebaseDatabaseProject.swift */ = {isa = PBXFileReference; lastKnownFileType = sourcecode.swift; path = FirebaseDatabaseProject.swift; sourceTree = "<group>"; };
		7F101AF827200D9500BAE787 /* Constants.swift */ = {isa = PBXFileReference; lastKnownFileType = sourcecode.swift; path = Constants.swift; sourceTree = "<group>"; };
		7F6B7FFE271861AE00D47DE2 /* ProjectForXoneCompany.app */ = {isa = PBXFileReference; explicitFileType = wrapper.application; includeInIndex = 0; path = ProjectForXoneCompany.app; sourceTree = BUILT_PRODUCTS_DIR; };
		7F6B8001271861AE00D47DE2 /* AppDelegate.swift */ = {isa = PBXFileReference; lastKnownFileType = sourcecode.swift; path = AppDelegate.swift; sourceTree = "<group>"; };
		7F6B8003271861AE00D47DE2 /* SceneDelegate.swift */ = {isa = PBXFileReference; lastKnownFileType = sourcecode.swift; path = SceneDelegate.swift; sourceTree = "<group>"; };
		7F6B8005271861AE00D47DE2 /* ViewController.swift */ = {isa = PBXFileReference; lastKnownFileType = sourcecode.swift; path = ViewController.swift; sourceTree = "<group>"; };
		7F6B8008271861AE00D47DE2 /* Base */ = {isa = PBXFileReference; lastKnownFileType = file.storyboard; name = Base; path = Base.lproj/Main.storyboard; sourceTree = "<group>"; };
		7F6B800A271861B100D47DE2 /* Assets.xcassets */ = {isa = PBXFileReference; lastKnownFileType = folder.assetcatalog; path = Assets.xcassets; sourceTree = "<group>"; };
		7F6B800D271861B100D47DE2 /* Base */ = {isa = PBXFileReference; lastKnownFileType = file.storyboard; name = Base; path = Base.lproj/LaunchScreen.storyboard; sourceTree = "<group>"; };
		7F6B800F271861B100D47DE2 /* Info.plist */ = {isa = PBXFileReference; lastKnownFileType = text.plist.xml; path = Info.plist; sourceTree = "<group>"; };
		7F6B8027271873E300D47DE2 /* a_Oswald.ttf */ = {isa = PBXFileReference; lastKnownFileType = file; path = a_Oswald.ttf; sourceTree = "<group>"; };
		7F6B802C2718A5F000D47DE2 /* Street.swift */ = {isa = PBXFileReference; lastKnownFileType = sourcecode.swift; path = Street.swift; sourceTree = "<group>"; };
		7F6B802E2718B25900D47DE2 /* TableViewCell.swift */ = {isa = PBXFileReference; lastKnownFileType = sourcecode.swift; path = TableViewCell.swift; sourceTree = "<group>"; };
		7FBD560F2754DEF1009F5AEA /* KeyboardExt.swift */ = {isa = PBXFileReference; lastKnownFileType = sourcecode.swift; path = KeyboardExt.swift; sourceTree = "<group>"; };
		7FBD56122754E32F009F5AEA /* DelegatReturnTablesExt.swift */ = {isa = PBXFileReference; lastKnownFileType = sourcecode.swift; path = DelegatReturnTablesExt.swift; sourceTree = "<group>"; };
		7FBD56142755023D009F5AEA /* TableViewExt.swift */ = {isa = PBXFileReference; lastKnownFileType = sourcecode.swift; path = TableViewExt.swift; sourceTree = "<group>"; };
		7FBD56162755029B009F5AEA /* ImagePickerExt.swift */ = {isa = PBXFileReference; lastKnownFileType = sourcecode.swift; path = ImagePickerExt.swift; sourceTree = "<group>"; };
		7FBD561927550554009F5AEA /* TextFieldDelegateExt.swift */ = {isa = PBXFileReference; lastKnownFileType = sourcecode.swift; path = TextFieldDelegateExt.swift; sourceTree = "<group>"; };
		7FBD561B275505A4009F5AEA /* CollectionViewDelegateFlowLayoutExt.swift */ = {isa = PBXFileReference; lastKnownFileType = sourcecode.swift; path = CollectionViewDelegateFlowLayoutExt.swift; sourceTree = "<group>"; };
		7FBD561D27550683009F5AEA /* CollectionViewExt.swift */ = {isa = PBXFileReference; lastKnownFileType = sourcecode.swift; path = CollectionViewExt.swift; sourceTree = "<group>"; };
		7FDBCBDF27299F7D0004DAE7 /* CollectionViewCell.swift */ = {isa = PBXFileReference; lastKnownFileType = sourcecode.swift; path = CollectionViewCell.swift; sourceTree = "<group>"; };
		7FDBCBE1272AD3800004DAE7 /* ImagesViewController.swift */ = {isa = PBXFileReference; lastKnownFileType = sourcecode.swift; path = ImagesViewController.swift; sourceTree = "<group>"; };
		7FDBCBE3272AF4B80004DAE7 /* ConstantsImage.swift */ = {isa = PBXFileReference; lastKnownFileType = sourcecode.swift; path = ConstantsImage.swift; sourceTree = "<group>"; };
		7FEB71F927A96BD300CD1ED8 /* GoogleService-Info.plist */ = {isa = PBXFileReference; fileEncoding = 4; lastKnownFileType = text.plist.xml; path = "GoogleService-Info.plist"; sourceTree = "<group>"; };
/* End PBXFileReference section */

/* Begin PBXFrameworksBuildPhase section */
		7F6B7FFB271861AE00D47DE2 /* Frameworks */ = {
			isa = PBXFrameworksBuildPhase;
			buildActionMask = 2147483647;
			files = (
				7F101AEF271F359E00BAE787 /* FirebaseDatabase in Frameworks */,
				7F101AF1271F359E00BAE787 /* FirebaseStorage in Frameworks */,
			);
			runOnlyForDeploymentPostprocessing = 0;
		};
/* End PBXFrameworksBuildPhase section */

/* Begin PBXGroup section */
		7F101AF2271F383200BAE787 /* Service */ = {
			isa = PBXGroup;
			children = (
				7F101AF3271F384900BAE787 /* FirebaseStorageProject.swift */,
				7F101AF5271F39ED00BAE787 /* FirebaseDatabaseProject.swift */,
			);
			path = Service;
			sourceTree = "<group>";
		};
		7F101AF727200D7C00BAE787 /* Constants */ = {
			isa = PBXGroup;
			children = (
				7F101AF827200D9500BAE787 /* Constants.swift */,
				7FDBCBE3272AF4B80004DAE7 /* ConstantsImage.swift */,
			);
			path = Constants;
			sourceTree = "<group>";
		};
		7F6B7FF5271861AE00D47DE2 = {
			isa = PBXGroup;
			children = (
				7F6B8000271861AE00D47DE2 /* ProjectForXoneCompany */,
				7F6B7FFF271861AE00D47DE2 /* Products */,
			);
			sourceTree = "<group>";
		};
		7F6B7FFF271861AE00D47DE2 /* Products */ = {
			isa = PBXGroup;
			children = (
				7F6B7FFE271861AE00D47DE2 /* ProjectForXoneCompany.app */,
			);
			name = Products;
			sourceTree = "<group>";
		};
		7F6B8000271861AE00D47DE2 /* ProjectForXoneCompany */ = {
			isa = PBXGroup;
			children = (
				7FBD560E2754DEB4009F5AEA /* Extension */,
				7F6B80212718711900D47DE2 /* Fonts */,
				7F6B8015271861BB00D47DE2 /* AppDelegate */,
				7F101AF727200D7C00BAE787 /* Constants */,
				7F101AF2271F383200BAE787 /* Service */,
				7F6B802B2718A5D100D47DE2 /* Models */,
				7F6B8017271861DD00D47DE2 /* View */,
				7F6B8016271861D100D47DE2 /* Controller */,
				7FDBCBDB27273FA00004DAE7 /* SuportingFile */,
				7F6B800F271861B100D47DE2 /* Info.plist */,
			);
			path = ProjectForXoneCompany;
			sourceTree = "<group>";
		};
		7F6B8015271861BB00D47DE2 /* AppDelegate */ = {
			isa = PBXGroup;
			children = (
				7F6B8001271861AE00D47DE2 /* AppDelegate.swift */,
				7F6B8003271861AE00D47DE2 /* SceneDelegate.swift */,
			);
			path = AppDelegate;
			sourceTree = "<group>";
		};
		7F6B8016271861D100D47DE2 /* Controller */ = {
			isa = PBXGroup;
			children = (
				7F6B8007271861AE00D47DE2 /* Main.storyboard */,
				7F6B800C271861B100D47DE2 /* LaunchScreen.storyboard */,
			);
			path = Controller;
			sourceTree = "<group>";
		};
		7F6B8017271861DD00D47DE2 /* View */ = {
			isa = PBXGroup;
			children = (
				7F6B80332719AEFB00D47DE2 /* Main */,
			);
			path = View;
			sourceTree = "<group>";
		};
		7F6B80212718711900D47DE2 /* Fonts */ = {
			isa = PBXGroup;
			children = (
				7F6B8027271873E300D47DE2 /* a_Oswald.ttf */,
			);
			path = Fonts;
			sourceTree = "<group>";
		};
		7F6B802B2718A5D100D47DE2 /* Models */ = {
			isa = PBXGroup;
			children = (
				7F6B802C2718A5F000D47DE2 /* Street.swift */,
			);
			path = Models;
			sourceTree = "<group>";
		};
		7F6B80332719AEFB00D47DE2 /* Main */ = {
			isa = PBXGroup;
			children = (
				7F6B8005271861AE00D47DE2 /* ViewController.swift */,
				7F6B802E2718B25900D47DE2 /* TableViewCell.swift */,
				7FDBCBDF27299F7D0004DAE7 /* CollectionViewCell.swift */,
				7FDBCBE1272AD3800004DAE7 /* ImagesViewController.swift */,
			);
			path = Main;
			sourceTree = "<group>";
		};
		7FBD560E2754DEB4009F5AEA /* Extension */ = {
			isa = PBXGroup;
			children = (
				7FBD56182755053A009F5AEA /* TableViewCell */,
				7FBD56112754DFF6009F5AEA /* ViewController */,
			);
			path = Extension;
			sourceTree = "<group>";
		};
		7FBD56112754DFF6009F5AEA /* ViewController */ = {
			isa = PBXGroup;
			children = (
				7FBD560F2754DEF1009F5AEA /* KeyboardExt.swift */,
				7FBD56122754E32F009F5AEA /* DelegatReturnTablesExt.swift */,
				7FBD56142755023D009F5AEA /* TableViewExt.swift */,
				7FBD56162755029B009F5AEA /* ImagePickerExt.swift */,
			);
			path = ViewController;
			sourceTree = "<group>";
		};
		7FBD56182755053A009F5AEA /* TableViewCell */ = {
			isa = PBXGroup;
			children = (
				7FBD561927550554009F5AEA /* TextFieldDelegateExt.swift */,
				7FBD561B275505A4009F5AEA /* CollectionViewDelegateFlowLayoutExt.swift */,
				7FBD561D27550683009F5AEA /* CollectionViewExt.swift */,
			);
			path = TableViewCell;
			sourceTree = "<group>";
		};
		7FDBCBDB27273FA00004DAE7 /* SuportingFile */ = {
			isa = PBXGroup;
			children = (
				7FEB71F927A96BD300CD1ED8 /* GoogleService-Info.plist */,
				7F6B800A271861B100D47DE2 /* Assets.xcassets */,
			);
			path = SuportingFile;
			sourceTree = "<group>";
		};
/* End PBXGroup section */

/* Begin PBXNativeTarget section */
		7F6B7FFD271861AE00D47DE2 /* ProjectForXoneCompany */ = {
			isa = PBXNativeTarget;
			buildConfigurationList = 7F6B8012271861B100D47DE2 /* Build configuration list for PBXNativeTarget "ProjectForXoneCompany" */;
			buildPhases = (
				7F6B7FFA271861AE00D47DE2 /* Sources */,
				7F6B7FFB271861AE00D47DE2 /* Frameworks */,
				7F6B7FFC271861AE00D47DE2 /* Resources */,
			);
			buildRules = (
			);
			dependencies = (
			);
			name = ProjectForXoneCompany;
			packageProductDependencies = (
				7F101AEE271F359E00BAE787 /* FirebaseDatabase */,
				7F101AF0271F359E00BAE787 /* FirebaseStorage */,
			);
			productName = testOne;
			productReference = 7F6B7FFE271861AE00D47DE2 /* ProjectForXoneCompany.app */;
			productType = "com.apple.product-type.application";
		};
/* End PBXNativeTarget section */

/* Begin PBXProject section */
		7F6B7FF6271861AE00D47DE2 /* Project object */ = {
			isa = PBXProject;
			attributes = {
				LastSwiftUpdateCheck = 1250;
				LastUpgradeCheck = 1250;
				TargetAttributes = {
					7F6B7FFD271861AE00D47DE2 = {
						CreatedOnToolsVersion = 12.5.1;
					};
				};
			};
			buildConfigurationList = 7F6B7FF9271861AE00D47DE2 /* Build configuration list for PBXProject "ProjectForXoneCompany" */;
			compatibilityVersion = "Xcode 9.3";
			developmentRegion = en;
			hasScannedForEncodings = 0;
			knownRegions = (
				en,
				Base,
			);
			mainGroup = 7F6B7FF5271861AE00D47DE2;
			packageReferences = (
				7F101AED271F359E00BAE787 /* XCRemoteSwiftPackageReference "firebase-ios-sdk" */,
			);
			productRefGroup = 7F6B7FFF271861AE00D47DE2 /* Products */;
			projectDirPath = "";
			projectRoot = "";
			targets = (
				7F6B7FFD271861AE00D47DE2 /* ProjectForXoneCompany */,
			);
		};
/* End PBXProject section */

/* Begin PBXResourcesBuildPhase section */
		7F6B7FFC271861AE00D47DE2 /* Resources */ = {
			isa = PBXResourcesBuildPhase;
			buildActionMask = 2147483647;
			files = (
				7F6B800E271861B100D47DE2 /* LaunchScreen.storyboard in Resources */,
				7F6B800B271861B100D47DE2 /* Assets.xcassets in Resources */,
				7F6B8009271861AE00D47DE2 /* Main.storyboard in Resources */,
				7F6B8028271873E300D47DE2 /* a_Oswald.ttf in Resources */,
				7FEB71FA27A96BD300CD1ED8 /* GoogleService-Info.plist in Resources */,
			);
			runOnlyForDeploymentPostprocessing = 0;
		};
/* End PBXResourcesBuildPhase section */

/* Begin PBXSourcesBuildPhase section */
		7F6B7FFA271861AE00D47DE2 /* Sources */ = {
			isa = PBXSourcesBuildPhase;
			buildActionMask = 2147483647;
			files = (
				7F6B8006271861AE00D47DE2 /* ViewController.swift in Sources */,
				7FBD56132754E330009F5AEA /* DelegatReturnTablesExt.swift in Sources */,
				7F6B8002271861AE00D47DE2 /* AppDelegate.swift in Sources */,
				7FBD561C275505A4009F5AEA /* CollectionViewDelegateFlowLayoutExt.swift in Sources */,
				7FBD56102754DEF1009F5AEA /* KeyboardExt.swift in Sources */,
				7FBD56172755029B009F5AEA /* ImagePickerExt.swift in Sources */,
				7F6B802F2718B25900D47DE2 /* TableViewCell.swift in Sources */,
				7F101AF6271F39ED00BAE787 /* FirebaseDatabaseProject.swift in Sources */,
				7F101AF4271F384900BAE787 /* FirebaseStorageProject.swift in Sources */,
				7FBD56152755023D009F5AEA /* TableViewExt.swift in Sources */,
				7F6B8004271861AE00D47DE2 /* SceneDelegate.swift in Sources */,
				7FBD561A27550554009F5AEA /* TextFieldDelegateExt.swift in Sources */,
				7FDBCBE2272AD3810004DAE7 /* ImagesViewController.swift in Sources */,
				7FDBCBE4272AF4B80004DAE7 /* ConstantsImage.swift in Sources */,
				7FBD561E27550683009F5AEA /* CollectionViewExt.swift in Sources */,
				7F6B802D2718A5F000D47DE2 /* Street.swift in Sources */,
				7FDBCBE027299F7D0004DAE7 /* CollectionViewCell.swift in Sources */,
				7F101AF927200D9500BAE787 /* Constants.swift in Sources */,
			);
			runOnlyForDeploymentPostprocessing = 0;
		};
/* End PBXSourcesBuildPhase section */

/* Begin PBXVariantGroup section */
		7F6B8007271861AE00D47DE2 /* Main.storyboard */ = {
			isa = PBXVariantGroup;
			children = (
				7F6B8008271861AE00D47DE2 /* Base */,
			);
			name = Main.storyboard;
			sourceTree = "<group>";
		};
		7F6B800C271861B100D47DE2 /* LaunchScreen.storyboard */ = {
			isa = PBXVariantGroup;
			children = (
				7F6B800D271861B100D47DE2 /* Base */,
			);
			name = LaunchScreen.storyboard;
			sourceTree = "<group>";
		};
/* End PBXVariantGroup section */

/* Begin XCBuildConfiguration section */
		7F6B8010271861B100D47DE2 /* Debug */ = {
			isa = XCBuildConfiguration;
			buildSettings = {
				ALWAYS_SEARCH_USER_PATHS = NO;
				CLANG_ANALYZER_NONNULL = YES;
				CLANG_ANALYZER_NUMBER_OBJECT_CONVERSION = YES_AGGRESSIVE;
				CLANG_CXX_LANGUAGE_STANDARD = "gnu++14";
				CLANG_CXX_LIBRARY = "libc++";
				CLANG_ENABLE_MODULES = YES;
				CLANG_ENABLE_OBJC_ARC = YES;
				CLANG_ENABLE_OBJC_WEAK = YES;
				CLANG_WARN_BLOCK_CAPTURE_AUTORELEASING = YES;
				CLANG_WARN_BOOL_CONVERSION = YES;
				CLANG_WARN_COMMA = YES;
				CLANG_WARN_CONSTANT_CONVERSION = YES;
				CLANG_WARN_DEPRECATED_OBJC_IMPLEMENTATIONS = YES;
				CLANG_WARN_DIRECT_OBJC_ISA_USAGE = YES_ERROR;
				CLANG_WARN_DOCUMENTATION_COMMENTS = YES;
				CLANG_WARN_EMPTY_BODY = YES;
				CLANG_WARN_ENUM_CONVERSION = YES;
				CLANG_WARN_INFINITE_RECURSION = YES;
				CLANG_WARN_INT_CONVERSION = YES;
				CLANG_WARN_NON_LITERAL_NULL_CONVERSION = YES;
				CLANG_WARN_OBJC_IMPLICIT_RETAIN_SELF = YES;
				CLANG_WARN_OBJC_LITERAL_CONVERSION = YES;
				CLANG_WARN_OBJC_ROOT_CLASS = YES_ERROR;
				CLANG_WARN_QUOTED_INCLUDE_IN_FRAMEWORK_HEADER = YES;
				CLANG_WARN_RANGE_LOOP_ANALYSIS = YES;
				CLANG_WARN_STRICT_PROTOTYPES = YES;
				CLANG_WARN_SUSPICIOUS_MOVE = YES;
				CLANG_WARN_UNGUARDED_AVAILABILITY = YES_AGGRESSIVE;
				CLANG_WARN_UNREACHABLE_CODE = YES;
				CLANG_WARN__DUPLICATE_METHOD_MATCH = YES;
				COPY_PHASE_STRIP = NO;
				DEBUG_INFORMATION_FORMAT = dwarf;
				ENABLE_STRICT_OBJC_MSGSEND = YES;
				ENABLE_TESTABILITY = YES;
				GCC_C_LANGUAGE_STANDARD = gnu11;
				GCC_DYNAMIC_NO_PIC = NO;
				GCC_NO_COMMON_BLOCKS = YES;
				GCC_OPTIMIZATION_LEVEL = 0;
				GCC_PREPROCESSOR_DEFINITIONS = (
					"DEBUG=1",
					"$(inherited)",
				);
				GCC_WARN_64_TO_32_BIT_CONVERSION = YES;
				GCC_WARN_ABOUT_RETURN_TYPE = YES_ERROR;
				GCC_WARN_UNDECLARED_SELECTOR = YES;
				GCC_WARN_UNINITIALIZED_AUTOS = YES_AGGRESSIVE;
				GCC_WARN_UNUSED_FUNCTION = YES;
				GCC_WARN_UNUSED_VARIABLE = YES;
				IPHONEOS_DEPLOYMENT_TARGET = 14.5;
				MTL_ENABLE_DEBUG_INFO = INCLUDE_SOURCE;
				MTL_FAST_MATH = YES;
				ONLY_ACTIVE_ARCH = YES;
				SDKROOT = iphoneos;
				SWIFT_ACTIVE_COMPILATION_CONDITIONS = DEBUG;
				SWIFT_OPTIMIZATION_LEVEL = "-Onone";
			};
			name = Debug;
		};
		7F6B8011271861B100D47DE2 /* Release */ = {
			isa = XCBuildConfiguration;
			buildSettings = {
				ALWAYS_SEARCH_USER_PATHS = NO;
				CLANG_ANALYZER_NONNULL = YES;
				CLANG_ANALYZER_NUMBER_OBJECT_CONVERSION = YES_AGGRESSIVE;
				CLANG_CXX_LANGUAGE_STANDARD = "gnu++14";
				CLANG_CXX_LIBRARY = "libc++";
				CLANG_ENABLE_MODULES = YES;
				CLANG_ENABLE_OBJC_ARC = YES;
				CLANG_ENABLE_OBJC_WEAK = YES;
				CLANG_WARN_BLOCK_CAPTURE_AUTORELEASING = YES;
				CLANG_WARN_BOOL_CONVERSION = YES;
				CLANG_WARN_COMMA = YES;
				CLANG_WARN_CONSTANT_CONVERSION = YES;
				CLANG_WARN_DEPRECATED_OBJC_IMPLEMENTATIONS = YES;
				CLANG_WARN_DIRECT_OBJC_ISA_USAGE = YES_ERROR;
				CLANG_WARN_DOCUMENTATION_COMMENTS = YES;
				CLANG_WARN_EMPTY_BODY = YES;
				CLANG_WARN_ENUM_CONVERSION = YES;
				CLANG_WARN_INFINITE_RECURSION = YES;
				CLANG_WARN_INT_CONVERSION = YES;
				CLANG_WARN_NON_LITERAL_NULL_CONVERSION = YES;
				CLANG_WARN_OBJC_IMPLICIT_RETAIN_SELF = YES;
				CLANG_WARN_OBJC_LITERAL_CONVERSION = YES;
				CLANG_WARN_OBJC_ROOT_CLASS = YES_ERROR;
				CLANG_WARN_QUOTED_INCLUDE_IN_FRAMEWORK_HEADER = YES;
				CLANG_WARN_RANGE_LOOP_ANALYSIS = YES;
				CLANG_WARN_STRICT_PROTOTYPES = YES;
				CLANG_WARN_SUSPICIOUS_MOVE = YES;
				CLANG_WARN_UNGUARDED_AVAILABILITY = YES_AGGRESSIVE;
				CLANG_WARN_UNREACHABLE_CODE = YES;
				CLANG_WARN__DUPLICATE_METHOD_MATCH = YES;
				COPY_PHASE_STRIP = NO;
				DEBUG_INFORMATION_FORMAT = "dwarf-with-dsym";
				ENABLE_NS_ASSERTIONS = NO;
				ENABLE_STRICT_OBJC_MSGSEND = YES;
				GCC_C_LANGUAGE_STANDARD = gnu11;
				GCC_NO_COMMON_BLOCKS = YES;
				GCC_WARN_64_TO_32_BIT_CONVERSION = YES;
				GCC_WARN_ABOUT_RETURN_TYPE = YES_ERROR;
				GCC_WARN_UNDECLARED_SELECTOR = YES;
				GCC_WARN_UNINITIALIZED_AUTOS = YES_AGGRESSIVE;
				GCC_WARN_UNUSED_FUNCTION = YES;
				GCC_WARN_UNUSED_VARIABLE = YES;
				IPHONEOS_DEPLOYMENT_TARGET = 14.5;
				MTL_ENABLE_DEBUG_INFO = NO;
				MTL_FAST_MATH = YES;
				SDKROOT = iphoneos;
				SWIFT_COMPILATION_MODE = wholemodule;
				SWIFT_OPTIMIZATION_LEVEL = "-O";
				VALIDATE_PRODUCT = YES;
			};
			name = Release;
		};
		7F6B8013271861B100D47DE2 /* Debug */ = {
			isa = XCBuildConfiguration;
			buildSettings = {
				ASSETCATALOG_COMPILER_APPICON_NAME = AppIcon;
				ASSETCATALOG_COMPILER_GLOBAL_ACCENT_COLOR_NAME = AccentColor;
				CODE_SIGN_STYLE = Automatic;
				DEVELOPMENT_TEAM = 62F98PL32L;
				INFOPLIST_FILE = "$(SRCROOT)/ProjectForXoneCompany/Info.plist";
				LD_RUNPATH_SEARCH_PATHS = (
					"$(inherited)",
					"@executable_path/Frameworks",
				);
				PRODUCT_BUNDLE_IDENTIFIER = "by.lesson1.pavel-bazylevich.ProjectForXoneCompany";
				PRODUCT_NAME = "$(TARGET_NAME)";
				SWIFT_VERSION = 5.0;
				TARGETED_DEVICE_FAMILY = 1;
			};
			name = Debug;
		};
		7F6B8014271861B100D47DE2 /* Release */ = {
			isa = XCBuildConfiguration;
			buildSettings = {
				ASSETCATALOG_COMPILER_APPICON_NAME = AppIcon;
				ASSETCATALOG_COMPILER_GLOBAL_ACCENT_COLOR_NAME = AccentColor;
				CODE_SIGN_STYLE = Automatic;
				DEVELOPMENT_TEAM = 62F98PL32L;
				INFOPLIST_FILE = "$(SRCROOT)/ProjectForXoneCompany/Info.plist";
				LD_RUNPATH_SEARCH_PATHS = (
					"$(inherited)",
					"@executable_path/Frameworks",
				);
				PRODUCT_BUNDLE_IDENTIFIER = "by.lesson1.pavel-bazylevich.ProjectForXoneCompany";
				PRODUCT_NAME = "$(TARGET_NAME)";
				SWIFT_VERSION = 5.0;
				TARGETED_DEVICE_FAMILY = 1;
			};
			name = Release;
		};
/* End XCBuildConfiguration section */

/* Begin XCConfigurationList section */
		7F6B7FF9271861AE00D47DE2 /* Build configuration list for PBXProject "ProjectForXoneCompany" */ = {
			isa = XCConfigurationList;
			buildConfigurations = (
				7F6B8010271861B100D47DE2 /* Debug */,
				7F6B8011271861B100D47DE2 /* Release */,
			);
			defaultConfigurationIsVisible = 0;
			defaultConfigurationName = Release;
		};
		7F6B8012271861B100D47DE2 /* Build configuration list for PBXNativeTarget "ProjectForXoneCompany" */ = {
			isa = XCConfigurationList;
			buildConfigurations = (
				7F6B8013271861B100D47DE2 /* Debug */,
				7F6B8014271861B100D47DE2 /* Release */,
			);
			defaultConfigurationIsVisible = 0;
			defaultConfigurationName = Release;
		};
/* End XCConfigurationList section */

/* Begin XCRemoteSwiftPackageReference section */
		7F101AED271F359E00BAE787 /* XCRemoteSwiftPackageReference "firebase-ios-sdk" */ = {
			isa = XCRemoteSwiftPackageReference;
			repositoryURL = "https://github.com/firebase/firebase-ios-sdk.git";
			requirement = {
				kind = upToNextMajorVersion;
				minimumVersion = 8.8.1;
			};
		};
/* End XCRemoteSwiftPackageReference section */

/* Begin XCSwiftPackageProductDependency section */
		7F101AEE271F359E00BAE787 /* FirebaseDatabase */ = {
			isa = XCSwiftPackageProductDependency;
			package = 7F101AED271F359E00BAE787 /* XCRemoteSwiftPackageReference "firebase-ios-sdk" */;
			productName = FirebaseDatabase;
		};
		7F101AF0271F359E00BAE787 /* FirebaseStorage */ = {
			isa = XCSwiftPackageProductDependency;
			package = 7F101AED271F359E00BAE787 /* XCRemoteSwiftPackageReference "firebase-ios-sdk" */;
			productName = FirebaseStorage;
		};
/* End XCSwiftPackageProductDependency section */
	};
	rootObject = 7F6B7FF6271861AE00D47DE2 /* Project object */;
}
